
Microsoft Visual Studio Solution File, Format Version 12.00
# Visual Studio 15
VisualStudioVersion = 15.0.28307.645
MinimumVisualStudioVersion = 10.0.40219.1
Project("{888888A0-9F3D-457C-B088-3A5042F75D52}") = "Day1", "Day1\Day1.pyproj", "{5829CABA-F970-45D1-9F04-5CC149F58254}"
EndProject
Global
	GlobalSection(SolutionConfigurationPlatforms) = preSolution
		Debug|Any CPU = Debug|Any CPU
		Release|Any CPU = Release|Any CPU
	EndGlobalSection
	GlobalSection(ProjectConfigurationPlatforms) = postSolution
		{5829CABA-F970-45D1-9F04-5CC149F58254}.Debug|Any CPU.ActiveCfg = Debug|Any CPU
		{5829CABA-F970-45D1-9F04-5CC149F58254}.Release|Any CPU.ActiveCfg = Release|Any CPU
	EndGlobalSection
	GlobalSection(SolutionProperties) = preSolution
		HideSolutionNode = FALSE
	EndGlobalSection
	GlobalSection(ExtensibilityGlobals) = postSolution
		SolutionGuid = {0C07BB9B-21C1-4AF4-9CD1-9525EB8229D6}
	EndGlobalSection
EndGlobal
