
Microsoft Visual Studio Solution File, Format Version 12.00
# Visual Studio 15
VisualStudioVersion = 15.0.28307.645
MinimumVisualStudioVersion = 10.0.40219.1
Project("{888888A0-9F3D-457C-B088-3A5042F75D52}") = "Day1", "Day1\Day1.pyproj", "{5829CABA-F970-45D1-9F04-5CC149F58254}"
EndProject
Project("{888888A0-9F3D-457C-B088-3A5042F75D52}") = "Day2", "Day2\Day2.pyproj", "{DBDE4A5D-AF8E-4B64-A677-79667B52C622}"
EndProject
Project("{888888A0-9F3D-457C-B088-3A5042F75D52}") = "Day3", "Day3\Day3.pyproj", "{86BCDC6E-E633-4169-83EE-ABB8B4FF84C1}"
EndProject
Project("{888888A0-9F3D-457C-B088-3A5042F75D52}") = "Day4", "Day4\Day4.pyproj", "{93ECDDFB-6A21-481D-A55F-AE1C5ACC5A06}"
EndProject
Project("{888888A0-9F3D-457C-B088-3A5042F75D52}") = "Day5", "Day5\Day5.pyproj", "{E8889D27-B37B-4545-8422-098EB97C1E77}"
EndProject
Project("{888888A0-9F3D-457C-B088-3A5042F75D52}") = "Day6", "Day6\Day6.pyproj", "{86EBF688-82B9-4455-93A5-6116D4587D53}"
EndProject
Project("{888888A0-9F3D-457C-B088-3A5042F75D52}") = "Day7", "Day7\Day7.pyproj", "{4B560566-24A2-455B-97E2-52BE8D88B2F0}"
EndProject
Project("{888888A0-9F3D-457C-B088-3A5042F75D52}") = "Day8", "Day8\Day8.pyproj", "{C9D24956-1058-4160-B78F-EDBB1CD2D0CF}"
EndProject
Project("{888888A0-9F3D-457C-B088-3A5042F75D52}") = "Day9", "Day9\Day9.pyproj", "{8AE15954-66A3-46B1-A995-015186F01018}"
EndProject
Project("{888888A0-9F3D-457C-B088-3A5042F75D52}") = "Day10", "Day10\Day10.pyproj", "{1FA7BF2A-F0A8-4A97-A14C-EDECF9D8BD1A}"
EndProject
Project("{888888A0-9F3D-457C-B088-3A5042F75D52}") = "Day11", "Day11\Day11.pyproj", "{9DE1E840-62DC-47FF-9620-2060DBE6D564}"
EndProject
Project("{888888A0-9F3D-457C-B088-3A5042F75D52}") = "Day12", "Day12\Day12.pyproj", "{B6801A5E-9212-42ED-A37B-C905C52F0F07}"
EndProject
Project("{888888A0-9F3D-457C-B088-3A5042F75D52}") = "Day13", "Day13\Day13.pyproj", "{9C29A2E0-6948-472E-8904-C8774E778A57}"
EndProject
Project("{888888A0-9F3D-457C-B088-3A5042F75D52}") = "Day14", "Day14\Day14.pyproj", "{B215D421-3B23-483A-BE36-26DDF8A75000}"
EndProject
Project("{888888A0-9F3D-457C-B088-3A5042F75D52}") = "Day15", "Day15\Day15.pyproj", "{F4014183-B51D-42C2-A5CB-3B2A0713DCBB}"
EndProject
Project("{888888A0-9F3D-457C-B088-3A5042F75D52}") = "Day16", "Day16\Day16.pyproj", "{32FD1365-43D2-4963-B742-B267F200283F}"
EndProject
Project("{2150E333-8FDC-42A3-9474-1A3956D46DE8}") = "Completed", "Completed", "{B69E67B0-4D59-4FD8-A22E-EBE3B99D8156}"
EndProject
Global
	GlobalSection(SolutionConfigurationPlatforms) = preSolution
		Debug|Any CPU = Debug|Any CPU
		Release|Any CPU = Release|Any CPU
	EndGlobalSection
	GlobalSection(ProjectConfigurationPlatforms) = postSolution
		{5829CABA-F970-45D1-9F04-5CC149F58254}.Debug|Any CPU.ActiveCfg = Debug|Any CPU
		{5829CABA-F970-45D1-9F04-5CC149F58254}.Release|Any CPU.ActiveCfg = Release|Any CPU
		{DBDE4A5D-AF8E-4B64-A677-79667B52C622}.Debug|Any CPU.ActiveCfg = Debug|Any CPU
		{DBDE4A5D-AF8E-4B64-A677-79667B52C622}.Release|Any CPU.ActiveCfg = Release|Any CPU
		{86BCDC6E-E633-4169-83EE-ABB8B4FF84C1}.Debug|Any CPU.ActiveCfg = Debug|Any CPU
		{86BCDC6E-E633-4169-83EE-ABB8B4FF84C1}.Release|Any CPU.ActiveCfg = Release|Any CPU
		{93ECDDFB-6A21-481D-A55F-AE1C5ACC5A06}.Debug|Any CPU.ActiveCfg = Debug|Any CPU
		{93ECDDFB-6A21-481D-A55F-AE1C5ACC5A06}.Release|Any CPU.ActiveCfg = Release|Any CPU
		{E8889D27-B37B-4545-8422-098EB97C1E77}.Debug|Any CPU.ActiveCfg = Debug|Any CPU
		{E8889D27-B37B-4545-8422-098EB97C1E77}.Release|Any CPU.ActiveCfg = Release|Any CPU
		{86EBF688-82B9-4455-93A5-6116D4587D53}.Debug|Any CPU.ActiveCfg = Debug|Any CPU
		{86EBF688-82B9-4455-93A5-6116D4587D53}.Release|Any CPU.ActiveCfg = Release|Any CPU
		{4B560566-24A2-455B-97E2-52BE8D88B2F0}.Debug|Any CPU.ActiveCfg = Debug|Any CPU
		{4B560566-24A2-455B-97E2-52BE8D88B2F0}.Release|Any CPU.ActiveCfg = Release|Any CPU
		{C9D24956-1058-4160-B78F-EDBB1CD2D0CF}.Debug|Any CPU.ActiveCfg = Debug|Any CPU
		{C9D24956-1058-4160-B78F-EDBB1CD2D0CF}.Release|Any CPU.ActiveCfg = Release|Any CPU
		{8AE15954-66A3-46B1-A995-015186F01018}.Debug|Any CPU.ActiveCfg = Debug|Any CPU
		{8AE15954-66A3-46B1-A995-015186F01018}.Release|Any CPU.ActiveCfg = Release|Any CPU
		{1FA7BF2A-F0A8-4A97-A14C-EDECF9D8BD1A}.Debug|Any CPU.ActiveCfg = Debug|Any CPU
		{1FA7BF2A-F0A8-4A97-A14C-EDECF9D8BD1A}.Release|Any CPU.ActiveCfg = Release|Any CPU
		{9DE1E840-62DC-47FF-9620-2060DBE6D564}.Debug|Any CPU.ActiveCfg = Debug|Any CPU
		{9DE1E840-62DC-47FF-9620-2060DBE6D564}.Release|Any CPU.ActiveCfg = Release|Any CPU
		{B6801A5E-9212-42ED-A37B-C905C52F0F07}.Debug|Any CPU.ActiveCfg = Debug|Any CPU
		{B6801A5E-9212-42ED-A37B-C905C52F0F07}.Release|Any CPU.ActiveCfg = Release|Any CPU
		{9C29A2E0-6948-472E-8904-C8774E778A57}.Debug|Any CPU.ActiveCfg = Debug|Any CPU
		{9C29A2E0-6948-472E-8904-C8774E778A57}.Release|Any CPU.ActiveCfg = Release|Any CPU
		{B215D421-3B23-483A-BE36-26DDF8A75000}.Debug|Any CPU.ActiveCfg = Debug|Any CPU
		{B215D421-3B23-483A-BE36-26DDF8A75000}.Release|Any CPU.ActiveCfg = Release|Any CPU
		{F4014183-B51D-42C2-A5CB-3B2A0713DCBB}.Debug|Any CPU.ActiveCfg = Debug|Any CPU
		{F4014183-B51D-42C2-A5CB-3B2A0713DCBB}.Release|Any CPU.ActiveCfg = Release|Any CPU
		{32FD1365-43D2-4963-B742-B267F200283F}.Debug|Any CPU.ActiveCfg = Debug|Any CPU
		{32FD1365-43D2-4963-B742-B267F200283F}.Release|Any CPU.ActiveCfg = Release|Any CPU
	EndGlobalSection
	GlobalSection(SolutionProperties) = preSolution
		HideSolutionNode = FALSE
	EndGlobalSection
	GlobalSection(NestedProjects) = preSolution
		{5829CABA-F970-45D1-9F04-5CC149F58254} = {B69E67B0-4D59-4FD8-A22E-EBE3B99D8156}
		{DBDE4A5D-AF8E-4B64-A677-79667B52C622} = {B69E67B0-4D59-4FD8-A22E-EBE3B99D8156}
		{86BCDC6E-E633-4169-83EE-ABB8B4FF84C1} = {B69E67B0-4D59-4FD8-A22E-EBE3B99D8156}
		{93ECDDFB-6A21-481D-A55F-AE1C5ACC5A06} = {B69E67B0-4D59-4FD8-A22E-EBE3B99D8156}
		{E8889D27-B37B-4545-8422-098EB97C1E77} = {B69E67B0-4D59-4FD8-A22E-EBE3B99D8156}
		{86EBF688-82B9-4455-93A5-6116D4587D53} = {B69E67B0-4D59-4FD8-A22E-EBE3B99D8156}
		{4B560566-24A2-455B-97E2-52BE8D88B2F0} = {B69E67B0-4D59-4FD8-A22E-EBE3B99D8156}
		{C9D24956-1058-4160-B78F-EDBB1CD2D0CF} = {B69E67B0-4D59-4FD8-A22E-EBE3B99D8156}
		{8AE15954-66A3-46B1-A995-015186F01018} = {B69E67B0-4D59-4FD8-A22E-EBE3B99D8156}
		{1FA7BF2A-F0A8-4A97-A14C-EDECF9D8BD1A} = {B69E67B0-4D59-4FD8-A22E-EBE3B99D8156}
		{9DE1E840-62DC-47FF-9620-2060DBE6D564} = {B69E67B0-4D59-4FD8-A22E-EBE3B99D8156}
	EndGlobalSection
	GlobalSection(ExtensibilityGlobals) = postSolution
		SolutionGuid = {0C07BB9B-21C1-4AF4-9CD1-9525EB8229D6}
	EndGlobalSection
EndGlobal
